{
  "name": "fh-top",
  "version": "0.5.2",
  "dependencies": {
    "nan": {
      "version": "2.6.2",
      "from": "nan@>=2.0.9 <3.0.0",
      "resolved": "https://registry.npmjs.org/nan/-/nan-2.6.2.tgz"
    },
    "ncurses": {
      "version": "0.4.2",
      "from": "ncurses@0.4.2",
      "resolved": "https://registry.npmjs.org/ncurses/-/ncurses-0.4.2.tgz"
    },
    "optimist": {
      "version": "0.3.5",
      "from": "optimist@0.3.5",
      "resolved": "https://registry.npmjs.org/optimist/-/optimist-0.3.5.tgz"
    },
    "wordwrap": {
      "version": "0.0.3",
      "from": "wordwrap@>=0.0.2 <0.1.0",
      "resolved": "https://registry.npmjs.org/wordwrap/-/wordwrap-0.0.3.tgz"
    }
  }
}
